
Microsoft Visual Studio Solution File, Format Version 12.00
# Visual Studio Version 16
VisualStudioVersion = 16.0.30907.101
MinimumVisualStudioVersion = 10.0.40219.1
Project("{FAE04EC0-301F-11D3-BF4B-00C04F79EFBC}") = "EmployeeRecordsApp.Asp.NetWebApi", "EmployeeRecordsApp.Asp.NetWebApi\EmployeeRecordsApp.Asp.NetWebApi.csproj", "{C8B8BB7E-ED2D-4971-A87E-E2FB72720E07}"
EndProject
Project("{FAE04EC0-301F-11D3-BF4B-00C04F79EFBC}") = "EmployeeRecordsApp.Asp.NetWebApi.Tests", "EmployeeRecordsApp.Asp.NetWebApi.Tests\EmployeeRecordsApp.Asp.NetWebApi.Tests.csproj", "{9C0CB2C7-2DD5-4D12-8AC9-CB9A242B6F51}"
EndProject
Global
	GlobalSection(SolutionConfigurationPlatforms) = preSolution
		Debug|Any CPU = Debug|Any CPU
		Release|Any CPU = Release|Any CPU
	EndGlobalSection
	GlobalSection(ProjectConfigurationPlatforms) = postSolution
		{C8B8BB7E-ED2D-4971-A87E-E2FB72720E07}.Debug|Any CPU.ActiveCfg = Debug|Any CPU
		{C8B8BB7E-ED2D-4971-A87E-E2FB72720E07}.Debug|Any CPU.Build.0 = Debug|Any CPU
		{C8B8BB7E-ED2D-4971-A87E-E2FB72720E07}.Release|Any CPU.ActiveCfg = Release|Any CPU
		{C8B8BB7E-ED2D-4971-A87E-E2FB72720E07}.Release|Any CPU.Build.0 = Release|Any CPU
		{9C0CB2C7-2DD5-4D12-8AC9-CB9A242B6F51}.Debug|Any CPU.ActiveCfg = Debug|Any CPU
		{9C0CB2C7-2DD5-4D12-8AC9-CB9A242B6F51}.Debug|Any CPU.Build.0 = Debug|Any CPU
		{9C0CB2C7-2DD5-4D12-8AC9-CB9A242B6F51}.Release|Any CPU.ActiveCfg = Release|Any CPU
		{9C0CB2C7-2DD5-4D12-8AC9-CB9A242B6F51}.Release|Any CPU.Build.0 = Release|Any CPU
	EndGlobalSection
	GlobalSection(SolutionProperties) = preSolution
		HideSolutionNode = FALSE
	EndGlobalSection
	GlobalSection(ExtensibilityGlobals) = postSolution
		SolutionGuid = {C94EEF47-1354-474C-8328-05096C11B607}
	EndGlobalSection
EndGlobal
